# THIS IS AN AUTOGENERATED FILE. DO NOT EDIT THIS FILE DIRECTLY.
# yarn lockfile v1


frappe-charts@^1.6.1:
  version "1.6.1"
  resolved "https://registry.yarnpkg.com/frappe-charts/-/frappe-charts-1.6.1.tgz#2162cec05f4524b10cf232df8787a3ac20218384"
  integrity sha512-Fteae/oqv4XdxP4ALoqTmUBBvXt8ECtghziqabp1ZA4yLqY8a3haafNqluwUCxnBOvrV+EdpvhZu0H+VEebX1Q==
